
Microsoft Visual Studio Solution File, Format Version 12.00
# Visual Studio Version 17
VisualStudioVersion = 17.6.33829.357
MinimumVisualStudioVersion = 10.0.40219.1
Project("{FAE04EC0-301F-11D3-BF4B-00C04F79EFBC}") = "CalculatorClient", "CalculatorClient.csproj", "{7AB87013-C2B2-48F8-83D9-0FCFFFA44BFE}"
EndProject
Project("{FAE04EC0-301F-11D3-BF4B-00C04F79EFBC}") = "CalculatorLibrary", "..\CalculatorLibrary\CalculatorLibrary.csproj", "{BC8A2A6A-3D71-46B0-AD9F-8FB901D6CB4E}"
EndProject
Global
	GlobalSection(SolutionConfigurationPlatforms) = preSolution
		Debug|Any CPU = Debug|Any CPU
		Release|Any CPU = Release|Any CPU
	EndGlobalSection
	GlobalSection(ProjectConfigurationPlatforms) = postSolution
		{7AB87013-C2B2-48F8-83D9-0FCFFFA44BFE}.Debug|Any CPU.ActiveCfg = Debug|Any CPU
		{7AB87013-C2B2-48F8-83D9-0FCFFFA44BFE}.Debug|Any CPU.Build.0 = Debug|Any CPU
		{7AB87013-C2B2-48F8-83D9-0FCFFFA44BFE}.Release|Any CPU.ActiveCfg = Release|Any CPU
		{7AB87013-C2B2-48F8-83D9-0FCFFFA44BFE}.Release|Any CPU.Build.0 = Release|Any CPU
		{BC8A2A6A-3D71-46B0-AD9F-8FB901D6CB4E}.Debug|Any CPU.ActiveCfg = Debug|Any CPU
		{BC8A2A6A-3D71-46B0-AD9F-8FB901D6CB4E}.Debug|Any CPU.Build.0 = Debug|Any CPU
		{BC8A2A6A-3D71-46B0-AD9F-8FB901D6CB4E}.Release|Any CPU.ActiveCfg = Release|Any CPU
		{BC8A2A6A-3D71-46B0-AD9F-8FB901D6CB4E}.Release|Any CPU.Build.0 = Release|Any CPU
	EndGlobalSection
	GlobalSection(SolutionProperties) = preSolution
		HideSolutionNode = FALSE
	EndGlobalSection
	GlobalSection(ExtensibilityGlobals) = postSolution
		SolutionGuid = {4717FF15-168B-4732-8CF1-10DFC581DFD4}
	EndGlobalSection
EndGlobal
